
Microsoft Visual Studio Solution File, Format Version 12.00
# Visual Studio 15
VisualStudioVersion = 15.0.28307.2092
MinimumVisualStudioVersion = 10.0.40219.1
Project("{FAE04EC0-301F-11D3-BF4B-00C04F79EFBC}") = "Practical-11", "Practical-11\Practical-11.csproj", "{51B38755-B711-42D7-BEC2-A372A0A6B3AF}"
EndProject
Global
	GlobalSection(SolutionConfigurationPlatforms) = preSolution
		Debug|Any CPU = Debug|Any CPU
		Release|Any CPU = Release|Any CPU
	EndGlobalSection
	GlobalSection(ProjectConfigurationPlatforms) = postSolution
		{51B38755-B711-42D7-BEC2-A372A0A6B3AF}.Debug|Any CPU.ActiveCfg = Debug|Any CPU
		{51B38755-B711-42D7-BEC2-A372A0A6B3AF}.Debug|Any CPU.Build.0 = Debug|Any CPU
		{51B38755-B711-42D7-BEC2-A372A0A6B3AF}.Release|Any CPU.ActiveCfg = Release|Any CPU
		{51B38755-B711-42D7-BEC2-A372A0A6B3AF}.Release|Any CPU.Build.0 = Release|Any CPU
	EndGlobalSection
	GlobalSection(SolutionProperties) = preSolution
		HideSolutionNode = FALSE
	EndGlobalSection
	GlobalSection(ExtensibilityGlobals) = postSolution
		SolutionGuid = {F0AD32D0-39BD-472E-9DB0-6C528B137332}
	EndGlobalSection
EndGlobal
