
Microsoft Visual Studio Solution File, Format Version 12.00
# Visual Studio 15
VisualStudioVersion = 15.0.28307.2092
MinimumVisualStudioVersion = 10.0.40219.1
Project("{FAE04EC0-301F-11D3-BF4B-00C04F79EFBC}") = "Practical_15_1", "Practical_15_1\Practical_15_1.csproj", "{A5850155-8B4B-418E-AECD-C3E08AC1C6D1}"
EndProject
Global
	GlobalSection(SolutionConfigurationPlatforms) = preSolution
		Debug|Any CPU = Debug|Any CPU
		Release|Any CPU = Release|Any CPU
	EndGlobalSection
	GlobalSection(ProjectConfigurationPlatforms) = postSolution
		{A5850155-8B4B-418E-AECD-C3E08AC1C6D1}.Debug|Any CPU.ActiveCfg = Debug|Any CPU
		{A5850155-8B4B-418E-AECD-C3E08AC1C6D1}.Debug|Any CPU.Build.0 = Debug|Any CPU
		{A5850155-8B4B-418E-AECD-C3E08AC1C6D1}.Release|Any CPU.ActiveCfg = Release|Any CPU
		{A5850155-8B4B-418E-AECD-C3E08AC1C6D1}.Release|Any CPU.Build.0 = Release|Any CPU
	EndGlobalSection
	GlobalSection(SolutionProperties) = preSolution
		HideSolutionNode = FALSE
	EndGlobalSection
	GlobalSection(ExtensibilityGlobals) = postSolution
		SolutionGuid = {02234DA8-A706-45B3-B441-F40C653CDC54}
	EndGlobalSection
EndGlobal
